
Microsoft Visual Studio Solution File, Format Version 12.00
# Visual Studio Version 17
VisualStudioVersion = 17.0.32126.317
MinimumVisualStudioVersion = 10.0.40219.1
Project("{00D1A9C2-B5F0-4AF3-8072-F6C62B433612}") = "Coliber2", "Coliber2.sqlproj", "{32CF904A-5F3F-4847-890A-683B98F77B27}"
EndProject
Project("{FAE04EC0-301F-11D3-BF4B-00C04F79EFBC}") = "Coliber", "..\ColiberNet\Coliber\Coliber.csproj", "{120616E2-E2BE-4F6E-AB74-2533D487C219}"
EndProject
Global
	GlobalSection(SolutionConfigurationPlatforms) = preSolution
		Debug|Any CPU = Debug|Any CPU
		Debug|x86 = Debug|x86
		Release|Any CPU = Release|Any CPU
		Release|x86 = Release|x86
	EndGlobalSection
	GlobalSection(ProjectConfigurationPlatforms) = postSolution
		{32CF904A-5F3F-4847-890A-683B98F77B27}.Debug|Any CPU.ActiveCfg = Debug|Any CPU
		{32CF904A-5F3F-4847-890A-683B98F77B27}.Debug|Any CPU.Build.0 = Debug|Any CPU
		{32CF904A-5F3F-4847-890A-683B98F77B27}.Debug|Any CPU.Deploy.0 = Debug|Any CPU
		{32CF904A-5F3F-4847-890A-683B98F77B27}.Debug|x86.ActiveCfg = Debug|Any CPU
		{32CF904A-5F3F-4847-890A-683B98F77B27}.Debug|x86.Build.0 = Debug|Any CPU
		{32CF904A-5F3F-4847-890A-683B98F77B27}.Debug|x86.Deploy.0 = Debug|Any CPU
		{32CF904A-5F3F-4847-890A-683B98F77B27}.Release|Any CPU.ActiveCfg = Release|Any CPU
		{32CF904A-5F3F-4847-890A-683B98F77B27}.Release|Any CPU.Build.0 = Release|Any CPU
		{32CF904A-5F3F-4847-890A-683B98F77B27}.Release|Any CPU.Deploy.0 = Release|Any CPU
		{32CF904A-5F3F-4847-890A-683B98F77B27}.Release|x86.ActiveCfg = Release|Any CPU
		{32CF904A-5F3F-4847-890A-683B98F77B27}.Release|x86.Build.0 = Release|Any CPU
		{32CF904A-5F3F-4847-890A-683B98F77B27}.Release|x86.Deploy.0 = Release|Any CPU
		{120616E2-E2BE-4F6E-AB74-2533D487C219}.Debug|Any CPU.ActiveCfg = Debug|Any CPU
		{120616E2-E2BE-4F6E-AB74-2533D487C219}.Debug|Any CPU.Build.0 = Debug|Any CPU
		{120616E2-E2BE-4F6E-AB74-2533D487C219}.Debug|x86.ActiveCfg = Debug|x86
		{120616E2-E2BE-4F6E-AB74-2533D487C219}.Debug|x86.Build.0 = Debug|x86
		{120616E2-E2BE-4F6E-AB74-2533D487C219}.Release|Any CPU.ActiveCfg = Release|Any CPU
		{120616E2-E2BE-4F6E-AB74-2533D487C219}.Release|Any CPU.Build.0 = Release|Any CPU
		{120616E2-E2BE-4F6E-AB74-2533D487C219}.Release|x86.ActiveCfg = Release|x86
		{120616E2-E2BE-4F6E-AB74-2533D487C219}.Release|x86.Build.0 = Release|x86
	EndGlobalSection
	GlobalSection(SolutionProperties) = preSolution
		HideSolutionNode = FALSE
	EndGlobalSection
	GlobalSection(ExtensibilityGlobals) = postSolution
		SolutionGuid = {D1109697-5326-4711-8923-5A62BBB63A32}
	EndGlobalSection
EndGlobal
